Microsoft Visual Studio Solution File, Format Version 12.00
# Visual Studio Version 17
VisualStudioVersion = 17.5.2.0
MinimumVisualStudioVersion = 10.0.40219.1
Project("{FAE04EC0-301F-11D3-BF4B-00C04F79EFBC}") = "ConsoleAppSerialConnection", "ConsoleAppSerialConnection\ConsoleAppSerialConnection.csproj", "{5D263DDE-4C9F-66E8-51CD-255C7F5E574A}"
EndProject
Global
	GlobalSection(SolutionConfigurationPlatforms) = preSolution
		Debug|Any CPU = Debug|Any CPU
		Release|Any CPU = Release|Any CPU
	EndGlobalSection
	GlobalSection(ProjectConfigurationPlatforms) = postSolution
		{5D263DDE-4C9F-66E8-51CD-255C7F5E574A}.Debug|Any CPU.ActiveCfg = Debug|Any CPU
		{5D263DDE-4C9F-66E8-51CD-255C7F5E574A}.Debug|Any CPU.Build.0 = Debug|Any CPU
		{5D263DDE-4C9F-66E8-51CD-255C7F5E574A}.Release|Any CPU.ActiveCfg = Release|Any CPU
		{5D263DDE-4C9F-66E8-51CD-255C7F5E574A}.Release|Any CPU.Build.0 = Release|Any CPU
	EndGlobalSection
	GlobalSection(SolutionProperties) = preSolution
		HideSolutionNode = FALSE
	EndGlobalSection
	GlobalSection(ExtensibilityGlobals) = postSolution
		SolutionGuid = {EA5BFE94-C285-49A5-A916-6F8DB1B2C310}
	EndGlobalSection
EndGlobal
